
Microsoft Visual Studio Solution File, Format Version 12.00
# Visual Studio Version 17
VisualStudioVersion = 17.5.33530.505
MinimumVisualStudioVersion = 10.0.40219.1
Project("{2150E333-8FDC-42A3-9474-1A3956D46DE8}") = "Main", "Main", "{52D931B2-E1C6-4FBB-964B-C0C4BE84711A}"
EndProject
Project("{2150E333-8FDC-42A3-9474-1A3956D46DE8}") = "Models", "Models", "{F694C420-9B4A-4A4B-93CE-ABDD64F99B20}"
EndProject
Project("{9A19103F-16F7-4668-BE54-9A1E7A4F7556}") = "EmployeeMVC", "Main\EmployeeMVC\EmployeeMVC.csproj", "{579F2872-91AF-4599-88FB-E596955E6346}"
EndProject
Project("{9A19103F-16F7-4668-BE54-9A1E7A4F7556}") = "DataAccess_Layer", "Models\DataAccess_Layer\DataAccess_Layer.csproj", "{6933D83D-6077-465A-AC49-5945661D7F9A}"
EndProject
Project("{9A19103F-16F7-4668-BE54-9A1E7A4F7556}") = "BusinessLogic_Layer", "Models\BusinessLogic_Layer\BusinessLogic_Layer.csproj", "{02F2ADE9-6087-4349-A0E2-2A824A49905D}"
EndProject
Global
	GlobalSection(SolutionConfigurationPlatforms) = preSolution
		Debug|Any CPU = Debug|Any CPU
		Release|Any CPU = Release|Any CPU
	EndGlobalSection
	GlobalSection(ProjectConfigurationPlatforms) = postSolution
		{579F2872-91AF-4599-88FB-E596955E6346}.Debug|Any CPU.ActiveCfg = Debug|Any CPU
		{579F2872-91AF-4599-88FB-E596955E6346}.Debug|Any CPU.Build.0 = Debug|Any CPU
		{579F2872-91AF-4599-88FB-E596955E6346}.Release|Any CPU.ActiveCfg = Release|Any CPU
		{579F2872-91AF-4599-88FB-E596955E6346}.Release|Any CPU.Build.0 = Release|Any CPU
		{6933D83D-6077-465A-AC49-5945661D7F9A}.Debug|Any CPU.ActiveCfg = Debug|Any CPU
		{6933D83D-6077-465A-AC49-5945661D7F9A}.Debug|Any CPU.Build.0 = Debug|Any CPU
		{6933D83D-6077-465A-AC49-5945661D7F9A}.Release|Any CPU.ActiveCfg = Release|Any CPU
		{6933D83D-6077-465A-AC49-5945661D7F9A}.Release|Any CPU.Build.0 = Release|Any CPU
		{02F2ADE9-6087-4349-A0E2-2A824A49905D}.Debug|Any CPU.ActiveCfg = Debug|Any CPU
		{02F2ADE9-6087-4349-A0E2-2A824A49905D}.Debug|Any CPU.Build.0 = Debug|Any CPU
		{02F2ADE9-6087-4349-A0E2-2A824A49905D}.Release|Any CPU.ActiveCfg = Release|Any CPU
		{02F2ADE9-6087-4349-A0E2-2A824A49905D}.Release|Any CPU.Build.0 = Release|Any CPU
	EndGlobalSection
	GlobalSection(SolutionProperties) = preSolution
		HideSolutionNode = FALSE
	EndGlobalSection
	GlobalSection(NestedProjects) = preSolution
		{579F2872-91AF-4599-88FB-E596955E6346} = {52D931B2-E1C6-4FBB-964B-C0C4BE84711A}
		{6933D83D-6077-465A-AC49-5945661D7F9A} = {F694C420-9B4A-4A4B-93CE-ABDD64F99B20}
		{02F2ADE9-6087-4349-A0E2-2A824A49905D} = {F694C420-9B4A-4A4B-93CE-ABDD64F99B20}
	EndGlobalSection
	GlobalSection(ExtensibilityGlobals) = postSolution
		SolutionGuid = {4FEDD122-B1DA-496D-A4F8-871C252963AC}
	EndGlobalSection
EndGlobal
